
Microsoft Visual Studio Solution File, Format Version 12.00
# Visual Studio 15
VisualStudioVersion = 15.0.28307.136
MinimumVisualStudioVersion = 10.0.40219.1
Project("{FAE04EC0-301F-11D3-BF4B-00C04F79EFBC}") = "ProductManagementApi", "ProductManagementApi\ProductManagementApi.csproj", "{5279918B-6B8A-4977-9B0C-8B5FC55C7C46}"
EndProject
Project("{E24C65DC-7377-472B-9ABA-BC803B73C61A}") = "ProductManagementClient", "ProductManagementClient\", "{A6B894D6-9D7E-4C9A-B3CD-E2886F74B123}"
	ProjectSection(WebsiteProperties) = preProject
		TargetFrameworkMoniker = ".NETFramework,Version%3Dv4.5.1"
		Debug.AspNetCompiler.VirtualPath = "/localhost_51031"
		Debug.AspNetCompiler.PhysicalPath = "ProductManagementClient\"
		Debug.AspNetCompiler.TargetPath = "PrecompiledWeb\localhost_51031\"
		Debug.AspNetCompiler.Updateable = "true"
		Debug.AspNetCompiler.ForceOverwrite = "true"
		Debug.AspNetCompiler.FixedNames = "false"
		Debug.AspNetCompiler.Debug = "True"
		Release.AspNetCompiler.VirtualPath = "/localhost_51031"
		Release.AspNetCompiler.PhysicalPath = "ProductManagementClient\"
		Release.AspNetCompiler.TargetPath = "PrecompiledWeb\localhost_51031\"
		Release.AspNetCompiler.Updateable = "true"
		Release.AspNetCompiler.ForceOverwrite = "true"
		Release.AspNetCompiler.FixedNames = "false"
		Release.AspNetCompiler.Debug = "False"
		VWDPort = "51031"
		SlnRelativePath = "ProductManagementClient\"
		DefaultWebSiteLanguage = "Visual C#"
	EndProjectSection
EndProject
Global
	GlobalSection(SolutionConfigurationPlatforms) = preSolution
		Debug|Any CPU = Debug|Any CPU
		Release|Any CPU = Release|Any CPU
	EndGlobalSection
	GlobalSection(ProjectConfigurationPlatforms) = postSolution
		{5279918B-6B8A-4977-9B0C-8B5FC55C7C46}.Debug|Any CPU.ActiveCfg = Debug|Any CPU
		{5279918B-6B8A-4977-9B0C-8B5FC55C7C46}.Debug|Any CPU.Build.0 = Debug|Any CPU
		{5279918B-6B8A-4977-9B0C-8B5FC55C7C46}.Release|Any CPU.ActiveCfg = Release|Any CPU
		{5279918B-6B8A-4977-9B0C-8B5FC55C7C46}.Release|Any CPU.Build.0 = Release|Any CPU
		{A6B894D6-9D7E-4C9A-B3CD-E2886F74B123}.Debug|Any CPU.ActiveCfg = Debug|Any CPU
		{A6B894D6-9D7E-4C9A-B3CD-E2886F74B123}.Debug|Any CPU.Build.0 = Debug|Any CPU
		{A6B894D6-9D7E-4C9A-B3CD-E2886F74B123}.Release|Any CPU.ActiveCfg = Debug|Any CPU
		{A6B894D6-9D7E-4C9A-B3CD-E2886F74B123}.Release|Any CPU.Build.0 = Debug|Any CPU
	EndGlobalSection
	GlobalSection(SolutionProperties) = preSolution
		HideSolutionNode = FALSE
	EndGlobalSection
	GlobalSection(ExtensibilityGlobals) = postSolution
		SolutionGuid = {C14E8595-DB62-4762-BE84-58F9EC0D69AB}
	EndGlobalSection
EndGlobal
